
Microsoft Visual Studio Solution File, Format Version 12.00
# Visual Studio Version 17
VisualStudioVersion = 17.0.31903.59
MinimumVisualStudioVersion = 10.0.40219.1
Project("{2150E333-8FDC-42A3-9474-1A3956D46DE8}") = "src", "src", "{827E0CD3-B72D-47B6-A68D-7590B98EB39B}"
EndProject
Project("{9A19103F-16F7-4668-BE54-9A1E7A4F7556}") = "Catalog.API", "src\Catalog\Catalog.API\Catalog.API.csproj", "{F2236748-762C-487C-8DF1-8514F3CDD6AA}"
EndProject
Project("{2150E333-8FDC-42A3-9474-1A3956D46DE8}") = "BuildingBlocks", "BuildingBlocks", "{90298CBA-BD6F-3A0A-69D5-97CAD7B05E7E}"
EndProject
Project("{9A19103F-16F7-4668-BE54-9A1E7A4F7556}") = "BuildingBlocks", "src\BuildingBlocks\BuildingBlocks\BuildingBlocks.csproj", "{EDCD0ECD-1E5B-479E-88DE-C87BFB750B4D}"
EndProject
Project("{E53339B2-1760-4266-BCC7-CA923CBCF16C}") = "docker-compose", "docker-compose.dcproj", "{81DDED9D-158B-E303-5F62-77A2896D2A5A}"
EndProject
Project("{2150E333-8FDC-42A3-9474-1A3956D46DE8}") = "Services", "Services", "{02EA681E-C7D8-13C7-8484-4AC65E1B71E8}"
EndProject
Project("{2150E333-8FDC-42A3-9474-1A3956D46DE8}") = "Catalog", "Catalog", "{3658CFD7-19D4-4AAB-AC8F-788A653C2363}"
EndProject
Project("{2150E333-8FDC-42A3-9474-1A3956D46DE8}") = "Basket", "Basket", "{D7E85922-F652-4C52-BE97-4B2B47FCF26B}"
EndProject
Project("{FAE04EC0-301F-11D3-BF4B-00C04F79EFBC}") = "Basket.API", "Services\Basket\Basket.API\Basket.API.csproj", "{A963D66E-2A13-4F68-A370-54B2B0BDB553}"
EndProject
Project("{2150E333-8FDC-42A3-9474-1A3956D46DE8}") = "Discount", "Discount", "{C76E483D-F748-4B07-9D05-33A021DABF41}"
EndProject
Project("{FAE04EC0-301F-11D3-BF4B-00C04F79EFBC}") = "Discount.Grpc", "src\Discounts\Discount.Grpc\Discount.Grpc.csproj", "{EFBC5733-93EB-4212-9800-2A2AB8C6F54F}"
EndProject
Project("{2150E333-8FDC-42A3-9474-1A3956D46DE8}") = "Discounts", "Discounts", "{E52CB847-DDA5-393A-4C9E-894CC2DC445E}"
EndProject
Project("{2150E333-8FDC-42A3-9474-1A3956D46DE8}") = "Ordering", "Ordering", "{359D2AD5-E851-4034-806B-7AAEAA5A109C}"
EndProject
Project("{FAE04EC0-301F-11D3-BF4B-00C04F79EFBC}") = "Ordering.API", "src\Ordering.API\Ordering.API.csproj", "{BB1D6E9E-1B12-4821-8069-6A8FA9CF3F9A}"
EndProject
Project("{FAE04EC0-301F-11D3-BF4B-00C04F79EFBC}") = "Ordering.Domain", "src\Ordering.Domain\Ordering.Domain.csproj", "{3FBFB631-187A-4322-8EE4-8FB370D59631}"
EndProject
Project("{FAE04EC0-301F-11D3-BF4B-00C04F79EFBC}") = "Ordering.Application", "src\Ordering.Application\Ordering.Application.csproj", "{492ABA47-995A-461A-BB2F-AE03B8A01DD1}"
EndProject
Project("{FAE04EC0-301F-11D3-BF4B-00C04F79EFBC}") = "Ordering.Infrastructure", "src\Ordering.Infrastructure\Ordering.Infrastructure.csproj", "{12F7258F-42D0-478D-984D-2C32CA0048EC}"
EndProject
Global
	GlobalSection(SolutionConfigurationPlatforms) = preSolution
		Debug|Any CPU = Debug|Any CPU
		Debug|x64 = Debug|x64
		Debug|x86 = Debug|x86
		Release|Any CPU = Release|Any CPU
		Release|x64 = Release|x64
		Release|x86 = Release|x86
	EndGlobalSection
	GlobalSection(ProjectConfigurationPlatforms) = postSolution
		{F2236748-762C-487C-8DF1-8514F3CDD6AA}.Debug|Any CPU.ActiveCfg = Debug|Any CPU
		{F2236748-762C-487C-8DF1-8514F3CDD6AA}.Debug|Any CPU.Build.0 = Debug|Any CPU
		{F2236748-762C-487C-8DF1-8514F3CDD6AA}.Debug|x64.ActiveCfg = Debug|Any CPU
		{F2236748-762C-487C-8DF1-8514F3CDD6AA}.Debug|x64.Build.0 = Debug|Any CPU
		{F2236748-762C-487C-8DF1-8514F3CDD6AA}.Debug|x86.ActiveCfg = Debug|Any CPU
		{F2236748-762C-487C-8DF1-8514F3CDD6AA}.Debug|x86.Build.0 = Debug|Any CPU
		{F2236748-762C-487C-8DF1-8514F3CDD6AA}.Release|Any CPU.ActiveCfg = Release|Any CPU
		{F2236748-762C-487C-8DF1-8514F3CDD6AA}.Release|Any CPU.Build.0 = Release|Any CPU
		{F2236748-762C-487C-8DF1-8514F3CDD6AA}.Release|x64.ActiveCfg = Release|Any CPU
		{F2236748-762C-487C-8DF1-8514F3CDD6AA}.Release|x64.Build.0 = Release|Any CPU
		{F2236748-762C-487C-8DF1-8514F3CDD6AA}.Release|x86.ActiveCfg = Release|Any CPU
		{F2236748-762C-487C-8DF1-8514F3CDD6AA}.Release|x86.Build.0 = Release|Any CPU
		{EDCD0ECD-1E5B-479E-88DE-C87BFB750B4D}.Debug|Any CPU.ActiveCfg = Debug|Any CPU
		{EDCD0ECD-1E5B-479E-88DE-C87BFB750B4D}.Debug|Any CPU.Build.0 = Debug|Any CPU
		{EDCD0ECD-1E5B-479E-88DE-C87BFB750B4D}.Debug|x64.ActiveCfg = Debug|Any CPU
		{EDCD0ECD-1E5B-479E-88DE-C87BFB750B4D}.Debug|x64.Build.0 = Debug|Any CPU
		{EDCD0ECD-1E5B-479E-88DE-C87BFB750B4D}.Debug|x86.ActiveCfg = Debug|Any CPU
		{EDCD0ECD-1E5B-479E-88DE-C87BFB750B4D}.Debug|x86.Build.0 = Debug|Any CPU
		{EDCD0ECD-1E5B-479E-88DE-C87BFB750B4D}.Release|Any CPU.ActiveCfg = Release|Any CPU
		{EDCD0ECD-1E5B-479E-88DE-C87BFB750B4D}.Release|Any CPU.Build.0 = Release|Any CPU
		{EDCD0ECD-1E5B-479E-88DE-C87BFB750B4D}.Release|x64.ActiveCfg = Release|Any CPU
		{EDCD0ECD-1E5B-479E-88DE-C87BFB750B4D}.Release|x64.Build.0 = Release|Any CPU
		{EDCD0ECD-1E5B-479E-88DE-C87BFB750B4D}.Release|x86.ActiveCfg = Release|Any CPU
		{EDCD0ECD-1E5B-479E-88DE-C87BFB750B4D}.Release|x86.Build.0 = Release|Any CPU
		{81DDED9D-158B-E303-5F62-77A2896D2A5A}.Debug|Any CPU.ActiveCfg = Debug|Any CPU
		{81DDED9D-158B-E303-5F62-77A2896D2A5A}.Debug|Any CPU.Build.0 = Debug|Any CPU
		{81DDED9D-158B-E303-5F62-77A2896D2A5A}.Debug|x64.ActiveCfg = Debug|Any CPU
		{81DDED9D-158B-E303-5F62-77A2896D2A5A}.Debug|x64.Build.0 = Debug|Any CPU
		{81DDED9D-158B-E303-5F62-77A2896D2A5A}.Debug|x86.ActiveCfg = Debug|Any CPU
		{81DDED9D-158B-E303-5F62-77A2896D2A5A}.Debug|x86.Build.0 = Debug|Any CPU
		{81DDED9D-158B-E303-5F62-77A2896D2A5A}.Release|Any CPU.ActiveCfg = Release|Any CPU
		{81DDED9D-158B-E303-5F62-77A2896D2A5A}.Release|Any CPU.Build.0 = Release|Any CPU
		{81DDED9D-158B-E303-5F62-77A2896D2A5A}.Release|x64.ActiveCfg = Release|Any CPU
		{81DDED9D-158B-E303-5F62-77A2896D2A5A}.Release|x64.Build.0 = Release|Any CPU
		{81DDED9D-158B-E303-5F62-77A2896D2A5A}.Release|x86.ActiveCfg = Release|Any CPU
		{81DDED9D-158B-E303-5F62-77A2896D2A5A}.Release|x86.Build.0 = Release|Any CPU
		{A963D66E-2A13-4F68-A370-54B2B0BDB553}.Debug|Any CPU.ActiveCfg = Debug|Any CPU
		{A963D66E-2A13-4F68-A370-54B2B0BDB553}.Debug|Any CPU.Build.0 = Debug|Any CPU
		{A963D66E-2A13-4F68-A370-54B2B0BDB553}.Debug|x64.ActiveCfg = Debug|Any CPU
		{A963D66E-2A13-4F68-A370-54B2B0BDB553}.Debug|x64.Build.0 = Debug|Any CPU
		{A963D66E-2A13-4F68-A370-54B2B0BDB553}.Debug|x86.ActiveCfg = Debug|Any CPU
		{A963D66E-2A13-4F68-A370-54B2B0BDB553}.Debug|x86.Build.0 = Debug|Any CPU
		{A963D66E-2A13-4F68-A370-54B2B0BDB553}.Release|Any CPU.ActiveCfg = Release|Any CPU
		{A963D66E-2A13-4F68-A370-54B2B0BDB553}.Release|Any CPU.Build.0 = Release|Any CPU
		{A963D66E-2A13-4F68-A370-54B2B0BDB553}.Release|x64.ActiveCfg = Release|Any CPU
		{A963D66E-2A13-4F68-A370-54B2B0BDB553}.Release|x64.Build.0 = Release|Any CPU
		{A963D66E-2A13-4F68-A370-54B2B0BDB553}.Release|x86.ActiveCfg = Release|Any CPU
		{A963D66E-2A13-4F68-A370-54B2B0BDB553}.Release|x86.Build.0 = Release|Any CPU
		{EFBC5733-93EB-4212-9800-2A2AB8C6F54F}.Debug|Any CPU.ActiveCfg = Debug|Any CPU
		{EFBC5733-93EB-4212-9800-2A2AB8C6F54F}.Debug|Any CPU.Build.0 = Debug|Any CPU
		{EFBC5733-93EB-4212-9800-2A2AB8C6F54F}.Debug|x64.ActiveCfg = Debug|Any CPU
		{EFBC5733-93EB-4212-9800-2A2AB8C6F54F}.Debug|x64.Build.0 = Debug|Any CPU
		{EFBC5733-93EB-4212-9800-2A2AB8C6F54F}.Debug|x86.ActiveCfg = Debug|Any CPU
		{EFBC5733-93EB-4212-9800-2A2AB8C6F54F}.Debug|x86.Build.0 = Debug|Any CPU
		{EFBC5733-93EB-4212-9800-2A2AB8C6F54F}.Release|Any CPU.ActiveCfg = Release|Any CPU
		{EFBC5733-93EB-4212-9800-2A2AB8C6F54F}.Release|Any CPU.Build.0 = Release|Any CPU
		{EFBC5733-93EB-4212-9800-2A2AB8C6F54F}.Release|x64.ActiveCfg = Release|Any CPU
		{EFBC5733-93EB-4212-9800-2A2AB8C6F54F}.Release|x64.Build.0 = Release|Any CPU
		{EFBC5733-93EB-4212-9800-2A2AB8C6F54F}.Release|x86.ActiveCfg = Release|Any CPU
		{EFBC5733-93EB-4212-9800-2A2AB8C6F54F}.Release|x86.Build.0 = Release|Any CPU
		{BB1D6E9E-1B12-4821-8069-6A8FA9CF3F9A}.Debug|Any CPU.ActiveCfg = Debug|Any CPU
		{BB1D6E9E-1B12-4821-8069-6A8FA9CF3F9A}.Debug|Any CPU.Build.0 = Debug|Any CPU
		{BB1D6E9E-1B12-4821-8069-6A8FA9CF3F9A}.Debug|x64.ActiveCfg = Debug|Any CPU
		{BB1D6E9E-1B12-4821-8069-6A8FA9CF3F9A}.Debug|x64.Build.0 = Debug|Any CPU
		{BB1D6E9E-1B12-4821-8069-6A8FA9CF3F9A}.Debug|x86.ActiveCfg = Debug|Any CPU
		{BB1D6E9E-1B12-4821-8069-6A8FA9CF3F9A}.Debug|x86.Build.0 = Debug|Any CPU
		{BB1D6E9E-1B12-4821-8069-6A8FA9CF3F9A}.Release|Any CPU.ActiveCfg = Release|Any CPU
		{BB1D6E9E-1B12-4821-8069-6A8FA9CF3F9A}.Release|Any CPU.Build.0 = Release|Any CPU
		{BB1D6E9E-1B12-4821-8069-6A8FA9CF3F9A}.Release|x64.ActiveCfg = Release|Any CPU
		{BB1D6E9E-1B12-4821-8069-6A8FA9CF3F9A}.Release|x64.Build.0 = Release|Any CPU
		{BB1D6E9E-1B12-4821-8069-6A8FA9CF3F9A}.Release|x86.ActiveCfg = Release|Any CPU
		{BB1D6E9E-1B12-4821-8069-6A8FA9CF3F9A}.Release|x86.Build.0 = Release|Any CPU
		{3FBFB631-187A-4322-8EE4-8FB370D59631}.Debug|Any CPU.ActiveCfg = Debug|Any CPU
		{3FBFB631-187A-4322-8EE4-8FB370D59631}.Debug|Any CPU.Build.0 = Debug|Any CPU
		{3FBFB631-187A-4322-8EE4-8FB370D59631}.Debug|x64.ActiveCfg = Debug|Any CPU
		{3FBFB631-187A-4322-8EE4-8FB370D59631}.Debug|x64.Build.0 = Debug|Any CPU
		{3FBFB631-187A-4322-8EE4-8FB370D59631}.Debug|x86.ActiveCfg = Debug|Any CPU
		{3FBFB631-187A-4322-8EE4-8FB370D59631}.Debug|x86.Build.0 = Debug|Any CPU
		{3FBFB631-187A-4322-8EE4-8FB370D59631}.Release|Any CPU.ActiveCfg = Release|Any CPU
		{3FBFB631-187A-4322-8EE4-8FB370D59631}.Release|Any CPU.Build.0 = Release|Any CPU
		{3FBFB631-187A-4322-8EE4-8FB370D59631}.Release|x64.ActiveCfg = Release|Any CPU
		{3FBFB631-187A-4322-8EE4-8FB370D59631}.Release|x64.Build.0 = Release|Any CPU
		{3FBFB631-187A-4322-8EE4-8FB370D59631}.Release|x86.ActiveCfg = Release|Any CPU
		{3FBFB631-187A-4322-8EE4-8FB370D59631}.Release|x86.Build.0 = Release|Any CPU
		{492ABA47-995A-461A-BB2F-AE03B8A01DD1}.Debug|Any CPU.ActiveCfg = Debug|Any CPU
		{492ABA47-995A-461A-BB2F-AE03B8A01DD1}.Debug|Any CPU.Build.0 = Debug|Any CPU
		{492ABA47-995A-461A-BB2F-AE03B8A01DD1}.Debug|x64.ActiveCfg = Debug|Any CPU
		{492ABA47-995A-461A-BB2F-AE03B8A01DD1}.Debug|x64.Build.0 = Debug|Any CPU
		{492ABA47-995A-461A-BB2F-AE03B8A01DD1}.Debug|x86.ActiveCfg = Debug|Any CPU
		{492ABA47-995A-461A-BB2F-AE03B8A01DD1}.Debug|x86.Build.0 = Debug|Any CPU
		{492ABA47-995A-461A-BB2F-AE03B8A01DD1}.Release|Any CPU.ActiveCfg = Release|Any CPU
		{492ABA47-995A-461A-BB2F-AE03B8A01DD1}.Release|Any CPU.Build.0 = Release|Any CPU
		{492ABA47-995A-461A-BB2F-AE03B8A01DD1}.Release|x64.ActiveCfg = Release|Any CPU
		{492ABA47-995A-461A-BB2F-AE03B8A01DD1}.Release|x64.Build.0 = Release|Any CPU
		{492ABA47-995A-461A-BB2F-AE03B8A01DD1}.Release|x86.ActiveCfg = Release|Any CPU
		{492ABA47-995A-461A-BB2F-AE03B8A01DD1}.Release|x86.Build.0 = Release|Any CPU
		{12F7258F-42D0-478D-984D-2C32CA0048EC}.Debug|Any CPU.ActiveCfg = Debug|Any CPU
		{12F7258F-42D0-478D-984D-2C32CA0048EC}.Debug|Any CPU.Build.0 = Debug|Any CPU
		{12F7258F-42D0-478D-984D-2C32CA0048EC}.Debug|x64.ActiveCfg = Debug|Any CPU
		{12F7258F-42D0-478D-984D-2C32CA0048EC}.Debug|x64.Build.0 = Debug|Any CPU
		{12F7258F-42D0-478D-984D-2C32CA0048EC}.Debug|x86.ActiveCfg = Debug|Any CPU
		{12F7258F-42D0-478D-984D-2C32CA0048EC}.Debug|x86.Build.0 = Debug|Any CPU
		{12F7258F-42D0-478D-984D-2C32CA0048EC}.Release|Any CPU.ActiveCfg = Release|Any CPU
		{12F7258F-42D0-478D-984D-2C32CA0048EC}.Release|Any CPU.Build.0 = Release|Any CPU
		{12F7258F-42D0-478D-984D-2C32CA0048EC}.Release|x64.ActiveCfg = Release|Any CPU
		{12F7258F-42D0-478D-984D-2C32CA0048EC}.Release|x64.Build.0 = Release|Any CPU
		{12F7258F-42D0-478D-984D-2C32CA0048EC}.Release|x86.ActiveCfg = Release|Any CPU
		{12F7258F-42D0-478D-984D-2C32CA0048EC}.Release|x86.Build.0 = Release|Any CPU
	EndGlobalSection
	GlobalSection(SolutionProperties) = preSolution
		HideSolutionNode = FALSE
	EndGlobalSection
	GlobalSection(NestedProjects) = preSolution
		{F2236748-762C-487C-8DF1-8514F3CDD6AA} = {3658CFD7-19D4-4AAB-AC8F-788A653C2363}
		{90298CBA-BD6F-3A0A-69D5-97CAD7B05E7E} = {827E0CD3-B72D-47B6-A68D-7590B98EB39B}
		{EDCD0ECD-1E5B-479E-88DE-C87BFB750B4D} = {90298CBA-BD6F-3A0A-69D5-97CAD7B05E7E}
		{02EA681E-C7D8-13C7-8484-4AC65E1B71E8} = {827E0CD3-B72D-47B6-A68D-7590B98EB39B}
		{3658CFD7-19D4-4AAB-AC8F-788A653C2363} = {02EA681E-C7D8-13C7-8484-4AC65E1B71E8}
		{D7E85922-F652-4C52-BE97-4B2B47FCF26B} = {02EA681E-C7D8-13C7-8484-4AC65E1B71E8}
		{A963D66E-2A13-4F68-A370-54B2B0BDB553} = {D7E85922-F652-4C52-BE97-4B2B47FCF26B}
		{C76E483D-F748-4B07-9D05-33A021DABF41} = {02EA681E-C7D8-13C7-8484-4AC65E1B71E8}
		{EFBC5733-93EB-4212-9800-2A2AB8C6F54F} = {C76E483D-F748-4B07-9D05-33A021DABF41}
		{E52CB847-DDA5-393A-4C9E-894CC2DC445E} = {827E0CD3-B72D-47B6-A68D-7590B98EB39B}
		{359D2AD5-E851-4034-806B-7AAEAA5A109C} = {02EA681E-C7D8-13C7-8484-4AC65E1B71E8}
		{BB1D6E9E-1B12-4821-8069-6A8FA9CF3F9A} = {359D2AD5-E851-4034-806B-7AAEAA5A109C}
		{3FBFB631-187A-4322-8EE4-8FB370D59631} = {359D2AD5-E851-4034-806B-7AAEAA5A109C}
		{492ABA47-995A-461A-BB2F-AE03B8A01DD1} = {359D2AD5-E851-4034-806B-7AAEAA5A109C}
		{12F7258F-42D0-478D-984D-2C32CA0048EC} = {359D2AD5-E851-4034-806B-7AAEAA5A109C}
	EndGlobalSection
	GlobalSection(ExtensibilityGlobals) = postSolution
		SolutionGuid = {7E706D0D-8D9E-45FA-B8E9-0A2544708B5B}
	EndGlobalSection
EndGlobal
